{
  "name": "html-builder-cli",
  "version": "1.0.0",
  "lockfileVersion": 2,
  "requires": true,
  "packages": {
    "": {
      "name": "html-builder-cli",
      "version": "1.0.0",
      "license": "MIT",
      "dependencies": {
        "adm-zip": "^0.5.3",
        "png2icons": "^2.0.1"
      }
    },
    "node_modules/adm-zip": {
      "version": "0.5.9",
      "resolved": "https://registry.npmjs.org/adm-zip/-/adm-zip-0.5.9.tgz",
      "integrity": "sha512-s+3fXLkeeLjZ2kLjCBwQufpI5fuN+kIGBxu6530nVQZGVol0d7Y/M88/xw9HGGUcJjKf8LutN3VPRUBq6N7Ajg==",
      "engines": {
        "node": ">=6.0"
      }
    },
    "node_modules/png2icons": {
      "version": "2.0.1",
      "resolved": "https://registry.npmjs.org/png2icons/-/png2icons-2.0.1.tgz",
      "integrity": "sha512-GDEQJr8OG4e6JMp7mABtXFSEpgJa1CCpbQiAR+EjhkHJHnUL9zPPtbOrjsMD8gUbikgv3j7x404b0YJsV3aVFA==",
      "bin": {
        "png2icons": "png2icons-cli.js"
      }
    }
  },
  "dependencies": {
    "adm-zip": {
      "version": "0.5.9",
      "resolved": "https://registry.npmjs.org/adm-zip/-/adm-zip-0.5.9.tgz",
      "integrity": "sha512-s+3fXLkeeLjZ2kLjCBwQufpI5fuN+kIGBxu6530nVQZGVol0d7Y/M88/xw9HGGUcJjKf8LutN3VPRUBq6N7Ajg=="
    },
    "png2icons": {
      "version": "2.0.1",
      "resolved": "https://registry.npmjs.org/png2icons/-/png2icons-2.0.1.tgz",
      "integrity": "sha512-GDEQJr8OG4e6JMp7mABtXFSEpgJa1CCpbQiAR+EjhkHJHnUL9zPPtbOrjsMD8gUbikgv3j7x404b0YJsV3aVFA=="
    }
  }
}
